
Microsoft Visual Studio Solution File, Format Version 12.00
# Visual Studio 14
VisualStudioVersion = 14.0.23107.0
MinimumVisualStudioVersion = 10.0.40219.1
Project("{FAE04EC0-301F-11D3-BF4B-00C04F79EFBC}") = "RoutingVisualization", "RoutingVisualization.csproj", "{19B59D01-ACE4-40C0-91FD-2FDEFC2C3252}"
EndProject
Global
	GlobalSection(SolutionConfigurationPlatforms) = preSolution
		Debug|Any CPU = Debug|Any CPU
		Release|Any CPU = Release|Any CPU
	EndGlobalSection
	GlobalSection(ProjectConfigurationPlatforms) = postSolution
		{19B59D01-ACE4-40C0-91FD-2FDEFC2C3252}.Debug|Any CPU.ActiveCfg = Debug|Any CPU
		{19B59D01-ACE4-40C0-91FD-2FDEFC2C3252}.Debug|Any CPU.Build.0 = Debug|Any CPU
		{19B59D01-ACE4-40C0-91FD-2FDEFC2C3252}.Release|Any CPU.ActiveCfg = Release|Any CPU
		{19B59D01-ACE4-40C0-91FD-2FDEFC2C3252}.Release|Any CPU.Build.0 = Release|Any CPU
	EndGlobalSection
	GlobalSection(SolutionProperties) = preSolution
		HideSolutionNode = FALSE
	EndGlobalSection
EndGlobal
